
Microsoft Visual Studio Solution File, Format Version 12.00
# Visual Studio 2012
Project("{FAE04EC0-301F-11D3-BF4B-00C04F79EFBC}") = "Metro", "Metro\Metro.csproj", "{94CB3BC5-7F87-4D0F-BEB8-0C2EF92369E2}"
EndProject
Project("{FAE04EC0-301F-11D3-BF4B-00C04F79EFBC}") = "Metro.Tests", "Metro.Tests\Metro.Tests.csproj", "{BCB99639-F221-4E00-BB4E-70BE72DD35B1}"
EndProject
Global
	GlobalSection(SolutionConfigurationPlatforms) = preSolution
		Debug|Any CPU = Debug|Any CPU
		Release|Any CPU = Release|Any CPU
	EndGlobalSection
	GlobalSection(ProjectConfigurationPlatforms) = postSolution
		{94CB3BC5-7F87-4D0F-BEB8-0C2EF92369E2}.Debug|Any CPU.ActiveCfg = Debug|Any CPU
		{94CB3BC5-7F87-4D0F-BEB8-0C2EF92369E2}.Debug|Any CPU.Build.0 = Debug|Any CPU
		{94CB3BC5-7F87-4D0F-BEB8-0C2EF92369E2}.Release|Any CPU.ActiveCfg = Release|Any CPU
		{94CB3BC5-7F87-4D0F-BEB8-0C2EF92369E2}.Release|Any CPU.Build.0 = Release|Any CPU
		{BCB99639-F221-4E00-BB4E-70BE72DD35B1}.Debug|Any CPU.ActiveCfg = Debug|Any CPU
		{BCB99639-F221-4E00-BB4E-70BE72DD35B1}.Debug|Any CPU.Build.0 = Debug|Any CPU
		{BCB99639-F221-4E00-BB4E-70BE72DD35B1}.Release|Any CPU.ActiveCfg = Release|Any CPU
		{BCB99639-F221-4E00-BB4E-70BE72DD35B1}.Release|Any CPU.Build.0 = Release|Any CPU
	EndGlobalSection
	GlobalSection(SolutionProperties) = preSolution
		HideSolutionNode = FALSE
	EndGlobalSection
EndGlobal
